// !$*UTF8*$!
{
	archiveVersion = 1;
	classes = {
	};
	objectVersion = 56;
	objects = {

/* Begin PBXBuildFile section */
		27603922290701A2005B21C1 /* AppDelegate.swift in Sources */ = {isa = PBXBuildFile; fileRef = 27603921290701A2005B21C1 /* AppDelegate.swift */; };
		27603924290701A2005B21C1 /* SceneDelegate.swift in Sources */ = {isa = PBXBuildFile; fileRef = 27603923290701A2005B21C1 /* SceneDelegate.swift */; };
		27603926290701A2005B21C1 /* ViewController.swift in Sources */ = {isa = PBXBuildFile; fileRef = 27603925290701A2005B21C1 /* ViewController.swift */; };
		27603929290701A2005B21C1 /* Main.storyboard in Resources */ = {isa = PBXBuildFile; fileRef = 27603927290701A2005B21C1 /* Main.storyboard */; };
		2760392B290701A2005B21C1 /* Assets.xcassets in Resources */ = {isa = PBXBuildFile; fileRef = 2760392A290701A2005B21C1 /* Assets.xcassets */; };
		2760392E290701A2005B21C1 /* LaunchScreen.storyboard in Resources */ = {isa = PBXBuildFile; fileRef = 2760392C290701A2005B21C1 /* LaunchScreen.storyboard */; };
		2760393629070552005B21C1 /* MainTVC.swift in Sources */ = {isa = PBXBuildFile; fileRef = 2760393529070552005B21C1 /* MainTVC.swift */; };
		27603938290706F1005B21C1 /* ChiefComplaintVC.swift in Sources */ = {isa = PBXBuildFile; fileRef = 27603937290706F1005B21C1 /* ChiefComplaintVC.swift */; };
		2760393A290707DC005B21C1 /* Chart.swift in Sources */ = {isa = PBXBuildFile; fileRef = 27603939290707DC005B21C1 /* Chart.swift */; };
		2760393C29071062005B21C1 /* HistoryPresentIllnessVC.swift in Sources */ = {isa = PBXBuildFile; fileRef = 2760393B29071062005B21C1 /* HistoryPresentIllnessVC.swift */; };
/* End PBXBuildFile section */

/* Begin PBXFileReference section */
		2760391E290701A2005B21C1 /* ChartGenerator.app */ = {isa = PBXFileReference; explicitFileType = wrapper.application; includeInIndex = 0; path = ChartGenerator.app; sourceTree = BUILT_PRODUCTS_DIR; };
		27603921290701A2005B21C1 /* AppDelegate.swift */ = {isa = PBXFileReference; lastKnownFileType = sourcecode.swift; path = AppDelegate.swift; sourceTree = "<group>"; };
		27603923290701A2005B21C1 /* SceneDelegate.swift */ = {isa = PBXFileReference; lastKnownFileType = sourcecode.swift; path = SceneDelegate.swift; sourceTree = "<group>"; };
		27603925290701A2005B21C1 /* ViewController.swift */ = {isa = PBXFileReference; lastKnownFileType = sourcecode.swift; path = ViewController.swift; sourceTree = "<group>"; };
		27603928290701A2005B21C1 /* Base */ = {isa = PBXFileReference; lastKnownFileType = file.storyboard; name = Base; path = Base.lproj/Main.storyboard; sourceTree = "<group>"; };
		2760392A290701A2005B21C1 /* Assets.xcassets */ = {isa = PBXFileReference; lastKnownFileType = folder.assetcatalog; path = Assets.xcassets; sourceTree = "<group>"; };
		2760392D290701A2005B21C1 /* Base */ = {isa = PBXFileReference; lastKnownFileType = file.storyboard; name = Base; path = Base.lproj/LaunchScreen.storyboard; sourceTree = "<group>"; };
		2760392F290701A2005B21C1 /* Info.plist */ = {isa = PBXFileReference; lastKnownFileType = text.plist.xml; path = Info.plist; sourceTree = "<group>"; };
		2760393529070552005B21C1 /* MainTVC.swift */ = {isa = PBXFileReference; lastKnownFileType = sourcecode.swift; path = MainTVC.swift; sourceTree = "<group>"; };
		27603937290706F1005B21C1 /* ChiefComplaintVC.swift */ = {isa = PBXFileReference; lastKnownFileType = sourcecode.swift; path = ChiefComplaintVC.swift; sourceTree = "<group>"; };
		27603939290707DC005B21C1 /* Chart.swift */ = {isa = PBXFileReference; lastKnownFileType = sourcecode.swift; path = Chart.swift; sourceTree = "<group>"; };
		2760393B29071062005B21C1 /* HistoryPresentIllnessVC.swift */ = {isa = PBXFileReference; lastKnownFileType = sourcecode.swift; path = HistoryPresentIllnessVC.swift; sourceTree = "<group>"; };
/* End PBXFileReference section */

/* Begin PBXFrameworksBuildPhase section */
		2760391B290701A2005B21C1 /* Frameworks */ = {
			isa = PBXFrameworksBuildPhase;
			buildActionMask = 2147483647;
			files = (
			);
			runOnlyForDeploymentPostprocessing = 0;
		};
/* End PBXFrameworksBuildPhase section */

/* Begin PBXGroup section */
		27603915290701A2005B21C1 = {
			isa = PBXGroup;
			children = (
				27603920290701A2005B21C1 /* ChartGenerator */,
				2760391F290701A2005B21C1 /* Products */,
			);
			sourceTree = "<group>";
		};
		2760391F290701A2005B21C1 /* Products */ = {
			isa = PBXGroup;
			children = (
				2760391E290701A2005B21C1 /* ChartGenerator.app */,
			);
			name = Products;
			sourceTree = "<group>";
		};
		27603920290701A2005B21C1 /* ChartGenerator */ = {
			isa = PBXGroup;
			children = (
				2760392F290701A2005B21C1 /* Info.plist */,
				27603921290701A2005B21C1 /* AppDelegate.swift */,
				27603939290707DC005B21C1 /* Chart.swift */,
				27603937290706F1005B21C1 /* ChiefComplaintVC.swift */,
				2760393B29071062005B21C1 /* HistoryPresentIllnessVC.swift */,
				2760393529070552005B21C1 /* MainTVC.swift */,
				27603923290701A2005B21C1 /* SceneDelegate.swift */,
				27603925290701A2005B21C1 /* ViewController.swift */,
				2760392A290701A2005B21C1 /* Assets.xcassets */,
				2760392C290701A2005B21C1 /* LaunchScreen.storyboard */,
				27603927290701A2005B21C1 /* Main.storyboard */,
			);
			path = ChartGenerator;
			sourceTree = "<group>";
		};
/* End PBXGroup section */

/* Begin PBXNativeTarget section */
		2760391D290701A2005B21C1 /* ChartGenerator */ = {
			isa = PBXNativeTarget;
			buildConfigurationList = 27603932290701A2005B21C1 /* Build configuration list for PBXNativeTarget "ChartGenerator" */;
			buildPhases = (
				2760391A290701A2005B21C1 /* Sources */,
				2760391B290701A2005B21C1 /* Frameworks */,
				2760391C290701A2005B21C1 /* Resources */,
			);
			buildRules = (
			);
			dependencies = (
			);
			name = ChartGenerator;
			productName = ChartGenerator;
			productReference = 2760391E290701A2005B21C1 /* ChartGenerator.app */;
			productType = "com.apple.product-type.application";
		};
/* End PBXNativeTarget section */

/* Begin PBXProject section */
		27603916290701A2005B21C1 /* Project object */ = {
			isa = PBXProject;
			attributes = {
				BuildIndependentTargetsInParallel = 1;
				LastSwiftUpdateCheck = 1400;
				LastUpgradeCheck = 1400;
				TargetAttributes = {
					2760391D290701A2005B21C1 = {
						CreatedOnToolsVersion = 14.0.1;
					};
				};
			};
			buildConfigurationList = 27603919290701A2005B21C1 /* Build configuration list for PBXProject "ChartGenerator" */;
			compatibilityVersion = "Xcode 14.0";
			developmentRegion = en;
			hasScannedForEncodings = 0;
			knownRegions = (
				en,
				Base,
			);
			mainGroup = 27603915290701A2005B21C1;
			productRefGroup = 2760391F290701A2005B21C1 /* Products */;
			projectDirPath = "";
			projectRoot = "";
			targets = (
				2760391D290701A2005B21C1 /* ChartGenerator */,
			);
		};
/* End PBXProject section */

/* Begin PBXResourcesBuildPhase section */
		2760391C290701A2005B21C1 /* Resources */ = {
			isa = PBXResourcesBuildPhase;
			buildActionMask = 2147483647;
			files = (
				2760392E290701A2005B21C1 /* LaunchScreen.storyboard in Resources */,
				2760392B290701A2005B21C1 /* Assets.xcassets in Resources */,
				27603929290701A2005B21C1 /* Main.storyboard in Resources */,
			);
			runOnlyForDeploymentPostprocessing = 0;
		};
/* End PBXResourcesBuildPhase section */

/* Begin PBXSourcesBuildPhase section */
		2760391A290701A2005B21C1 /* Sources */ = {
			isa = PBXSourcesBuildPhase;
			buildActionMask = 2147483647;
			files = (
				27603926290701A2005B21C1 /* ViewController.swift in Sources */,
				27603922290701A2005B21C1 /* AppDelegate.swift in Sources */,
				2760393A290707DC005B21C1 /* Chart.swift in Sources */,
				2760393629070552005B21C1 /* MainTVC.swift in Sources */,
				27603938290706F1005B21C1 /* ChiefComplaintVC.swift in Sources */,
				2760393C29071062005B21C1 /* HistoryPresentIllnessVC.swift in Sources */,
				27603924290701A2005B21C1 /* SceneDelegate.swift in Sources */,
			);
			runOnlyForDeploymentPostprocessing = 0;
		};
/* End PBXSourcesBuildPhase section */

/* Begin PBXVariantGroup section */
		27603927290701A2005B21C1 /* Main.storyboard */ = {
			isa = PBXVariantGroup;
			children = (
				27603928290701A2005B21C1 /* Base */,
			);
			name = Main.storyboard;
			sourceTree = "<group>";
		};
		2760392C290701A2005B21C1 /* LaunchScreen.storyboard */ = {
			isa = PBXVariantGroup;
			children = (
				2760392D290701A2005B21C1 /* Base */,
			);
			name = LaunchScreen.storyboard;
			sourceTree = "<group>";
		};
/* End PBXVariantGroup section */

/* Begin XCBuildConfiguration section */
		27603930290701A2005B21C1 /* Debug */ = {
			isa = XCBuildConfiguration;
			buildSettings = {
				ALWAYS_SEARCH_USER_PATHS = NO;
				CLANG_ANALYZER_NONNULL = YES;
				CLANG_ANALYZER_NUMBER_OBJECT_CONVERSION = YES_AGGRESSIVE;
				CLANG_CXX_LANGUAGE_STANDARD = "gnu++20";
				CLANG_ENABLE_MODULES = YES;
				CLANG_ENABLE_OBJC_ARC = YES;
				CLANG_ENABLE_OBJC_WEAK = YES;
				CLANG_WARN_BLOCK_CAPTURE_AUTORELEASING = YES;
				CLANG_WARN_BOOL_CONVERSION = YES;
				CLANG_WARN_COMMA = YES;
				CLANG_WARN_CONSTANT_CONVERSION = YES;
				CLANG_WARN_DEPRECATED_OBJC_IMPLEMENTATIONS = YES;
				CLANG_WARN_DIRECT_OBJC_ISA_USAGE = YES_ERROR;
				CLANG_WARN_DOCUMENTATION_COMMENTS = YES;
				CLANG_WARN_EMPTY_BODY = YES;
				CLANG_WARN_ENUM_CONVERSION = YES;
				CLANG_WARN_INFINITE_RECURSION = YES;
				CLANG_WARN_INT_CONVERSION = YES;
				CLANG_WARN_NON_LITERAL_NULL_CONVERSION = YES;
				CLANG_WARN_OBJC_IMPLICIT_RETAIN_SELF = YES;
				CLANG_WARN_OBJC_LITERAL_CONVERSION = YES;
				CLANG_WARN_OBJC_ROOT_CLASS = YES_ERROR;
				CLANG_WARN_QUOTED_INCLUDE_IN_FRAMEWORK_HEADER = YES;
				CLANG_WARN_RANGE_LOOP_ANALYSIS = YES;
				CLANG_WARN_STRICT_PROTOTYPES = YES;
				CLANG_WARN_SUSPICIOUS_MOVE = YES;
				CLANG_WARN_UNGUARDED_AVAILABILITY = YES_AGGRESSIVE;
				CLANG_WARN_UNREACHABLE_CODE = YES;
				CLANG_WARN__DUPLICATE_METHOD_MATCH = YES;
				COPY_PHASE_STRIP = NO;
				DEBUG_INFORMATION_FORMAT = dwarf;
				ENABLE_STRICT_OBJC_MSGSEND = YES;
				ENABLE_TESTABILITY = YES;
				GCC_C_LANGUAGE_STANDARD = gnu11;
				GCC_DYNAMIC_NO_PIC = NO;
				GCC_NO_COMMON_BLOCKS = YES;
				GCC_OPTIMIZATION_LEVEL = 0;
				GCC_PREPROCESSOR_DEFINITIONS = (
					"DEBUG=1",
					"$(inherited)",
				);
				GCC_WARN_64_TO_32_BIT_CONVERSION = YES;
				GCC_WARN_ABOUT_RETURN_TYPE = YES_ERROR;
				GCC_WARN_UNDECLARED_SELECTOR = YES;
				GCC_WARN_UNINITIALIZED_AUTOS = YES_AGGRESSIVE;
				GCC_WARN_UNUSED_FUNCTION = YES;
				GCC_WARN_UNUSED_VARIABLE = YES;
				IPHONEOS_DEPLOYMENT_TARGET = 16.0;
				MTL_ENABLE_DEBUG_INFO = INCLUDE_SOURCE;
				MTL_FAST_MATH = YES;
				ONLY_ACTIVE_ARCH = YES;
				SDKROOT = iphoneos;
				SWIFT_ACTIVE_COMPILATION_CONDITIONS = DEBUG;
				SWIFT_OPTIMIZATION_LEVEL = "-Onone";
			};
			name = Debug;
		};
		27603931290701A2005B21C1 /* Release */ = {
			isa = XCBuildConfiguration;
			buildSettings = {
				ALWAYS_SEARCH_USER_PATHS = NO;
				CLANG_ANALYZER_NONNULL = YES;
				CLANG_ANALYZER_NUMBER_OBJECT_CONVERSION = YES_AGGRESSIVE;
				CLANG_CXX_LANGUAGE_STANDARD = "gnu++20";
				CLANG_ENABLE_MODULES = YES;
				CLANG_ENABLE_OBJC_ARC = YES;
				CLANG_ENABLE_OBJC_WEAK = YES;
				CLANG_WARN_BLOCK_CAPTURE_AUTORELEASING = YES;
				CLANG_WARN_BOOL_CONVERSION = YES;
				CLANG_WARN_COMMA = YES;
				CLANG_WARN_CONSTANT_CONVERSION = YES;
				CLANG_WARN_DEPRECATED_OBJC_IMPLEMENTATIONS = YES;
				CLANG_WARN_DIRECT_OBJC_ISA_USAGE = YES_ERROR;
				CLANG_WARN_DOCUMENTATION_COMMENTS = YES;
				CLANG_WARN_EMPTY_BODY = YES;
				CLANG_WARN_ENUM_CONVERSION = YES;
				CLANG_WARN_INFINITE_RECURSION = YES;
				CLANG_WARN_INT_CONVERSION = YES;
				CLANG_WARN_NON_LITERAL_NULL_CONVERSION = YES;
				CLANG_WARN_OBJC_IMPLICIT_RETAIN_SELF = YES;
				CLANG_WARN_OBJC_LITERAL_CONVERSION = YES;
				CLANG_WARN_OBJC_ROOT_CLASS = YES_ERROR;
				CLANG_WARN_QUOTED_INCLUDE_IN_FRAMEWORK_HEADER = YES;
				CLANG_WARN_RANGE_LOOP_ANALYSIS = YES;
				CLANG_WARN_STRICT_PROTOTYPES = YES;
				CLANG_WARN_SUSPICIOUS_MOVE = YES;
				CLANG_WARN_UNGUARDED_AVAILABILITY = YES_AGGRESSIVE;
				CLANG_WARN_UNREACHABLE_CODE = YES;
				CLANG_WARN__DUPLICATE_METHOD_MATCH = YES;
				COPY_PHASE_STRIP = NO;
				DEBUG_INFORMATION_FORMAT = "dwarf-with-dsym";
				ENABLE_NS_ASSERTIONS = NO;
				ENABLE_STRICT_OBJC_MSGSEND = YES;
				GCC_C_LANGUAGE_STANDARD = gnu11;
				GCC_NO_COMMON_BLOCKS = YES;
				GCC_WARN_64_TO_32_BIT_CONVERSION = YES;
				GCC_WARN_ABOUT_RETURN_TYPE = YES_ERROR;
				GCC_WARN_UNDECLARED_SELECTOR = YES;
				GCC_WARN_UNINITIALIZED_AUTOS = YES_AGGRESSIVE;
				GCC_WARN_UNUSED_FUNCTION = YES;
				GCC_WARN_UNUSED_VARIABLE = YES;
				IPHONEOS_DEPLOYMENT_TARGET = 16.0;
				MTL_ENABLE_DEBUG_INFO = NO;
				MTL_FAST_MATH = YES;
				SDKROOT = iphoneos;
				SWIFT_COMPILATION_MODE = wholemodule;
				SWIFT_OPTIMIZATION_LEVEL = "-O";
				VALIDATE_PRODUCT = YES;
			};
			name = Release;
		};
		27603933290701A2005B21C1 /* Debug */ = {
			isa = XCBuildConfiguration;
			buildSettings = {
				ASSETCATALOG_COMPILER_APPICON_NAME = AppIcon;
				ASSETCATALOG_COMPILER_GLOBAL_ACCENT_COLOR_NAME = AccentColor;
				CODE_SIGN_STYLE = Automatic;
				CURRENT_PROJECT_VERSION = 1;
				DEVELOPMENT_TEAM = 8WJZH74XAS;
				GENERATE_INFOPLIST_FILE = YES;
				INFOPLIST_FILE = ChartGenerator/Info.plist;
				INFOPLIST_KEY_UIApplicationSupportsIndirectInputEvents = YES;
				INFOPLIST_KEY_UILaunchStoryboardName = LaunchScreen;
				INFOPLIST_KEY_UIMainStoryboardFile = Main;
				INFOPLIST_KEY_UISupportedInterfaceOrientations = "UIInterfaceOrientationLandscapeLeft UIInterfaceOrientationLandscapeRight UIInterfaceOrientationPortrait";
				LD_RUNPATH_SEARCH_PATHS = (
					"$(inherited)",
					"@executable_path/Frameworks",
				);
				MARKETING_VERSION = 1.0;
				PRODUCT_BUNDLE_IDENTIFIER = com.mbdev.ChartGenerator;
				PRODUCT_NAME = "$(TARGET_NAME)";
				SWIFT_EMIT_LOC_STRINGS = YES;
				SWIFT_VERSION = 5.0;
				TARGETED_DEVICE_FAMILY = "1,2";
			};
			name = Debug;
		};
		27603934290701A2005B21C1 /* Release */ = {
			isa = XCBuildConfiguration;
			buildSettings = {
				ASSETCATALOG_COMPILER_APPICON_NAME = AppIcon;
				ASSETCATALOG_COMPILER_GLOBAL_ACCENT_COLOR_NAME = AccentColor;
				CODE_SIGN_STYLE = Automatic;
				CURRENT_PROJECT_VERSION = 1;
				DEVELOPMENT_TEAM = 8WJZH74XAS;
				GENERATE_INFOPLIST_FILE = YES;
				INFOPLIST_FILE = ChartGenerator/Info.plist;
				INFOPLIST_KEY_UIApplicationSupportsIndirectInputEvents = YES;
				INFOPLIST_KEY_UILaunchStoryboardName = LaunchScreen;
				INFOPLIST_KEY_UIMainStoryboardFile = Main;
				INFOPLIST_KEY_UISupportedInterfaceOrientations = "UIInterfaceOrientationLandscapeLeft UIInterfaceOrientationLandscapeRight UIInterfaceOrientationPortrait";
				LD_RUNPATH_SEARCH_PATHS = (
					"$(inherited)",
					"@executable_path/Frameworks",
				);
				MARKETING_VERSION = 1.0;
				PRODUCT_BUNDLE_IDENTIFIER = com.mbdev.ChartGenerator;
				PRODUCT_NAME = "$(TARGET_NAME)";
				SWIFT_EMIT_LOC_STRINGS = YES;
				SWIFT_VERSION = 5.0;
				TARGETED_DEVICE_FAMILY = "1,2";
			};
			name = Release;
		};
/* End XCBuildConfiguration section */

/* Begin XCConfigurationList section */
		27603919290701A2005B21C1 /* Build configuration list for PBXProject "ChartGenerator" */ = {
			isa = XCConfigurationList;
			buildConfigurations = (
				27603930290701A2005B21C1 /* Debug */,
				27603931290701A2005B21C1 /* Release */,
			);
			defaultConfigurationIsVisible = 0;
			defaultConfigurationName = Release;
		};
		27603932290701A2005B21C1 /* Build configuration list for PBXNativeTarget "ChartGenerator" */ = {
			isa = XCConfigurationList;
			buildConfigurations = (
				27603933290701A2005B21C1 /* Debug */,
				27603934290701A2005B21C1 /* Release */,
			);
			defaultConfigurationIsVisible = 0;
			defaultConfigurationName = Release;
		};
/* End XCConfigurationList section */
	};
	rootObject = 27603916290701A2005B21C1 /* Project object */;
}
