// !$*UTF8*$!
{
	archiveVersion = 1;
	classes = {
	};
	objectVersion = 56;
	objects = {

/* Begin PBXBuildFile section */
		273A3ED528FB96C700C4827E /* MoonshotApp.swift in Sources */ = {isa = PBXBuildFile; fileRef = 273A3ED428FB96C700C4827E /* MoonshotApp.swift */; };
		273A3ED728FB96C700C4827E /* ContentView.swift in Sources */ = {isa = PBXBuildFile; fileRef = 273A3ED628FB96C700C4827E /* ContentView.swift */; };
		273A3ED928FB96C800C4827E /* Assets.xcassets in Resources */ = {isa = PBXBuildFile; fileRef = 273A3ED828FB96C800C4827E /* Assets.xcassets */; };
		273A3EDC28FB96C800C4827E /* Preview Assets.xcassets in Resources */ = {isa = PBXBuildFile; fileRef = 273A3EDB28FB96C800C4827E /* Preview Assets.xcassets */; };
		273A3EFE28FC2BC100C4827E /* MoonshotExampleContent.swift in Sources */ = {isa = PBXBuildFile; fileRef = 273A3EFD28FC2BC100C4827E /* MoonshotExampleContent.swift */; };
		273A3F0028FC33B500C4827E /* astronauts.json in Resources */ = {isa = PBXBuildFile; fileRef = 273A3EFF28FC33B500C4827E /* astronauts.json */; };
		273A3F0228FC33C500C4827E /* missions.json in Resources */ = {isa = PBXBuildFile; fileRef = 273A3F0128FC33C500C4827E /* missions.json */; };
		273A3F0428FC3F4D00C4827E /* Astronaut.swift in Sources */ = {isa = PBXBuildFile; fileRef = 273A3F0328FC3F4D00C4827E /* Astronaut.swift */; };
		273A3F0628FC3FF100C4827E /* Bundle-Decodable.swift in Sources */ = {isa = PBXBuildFile; fileRef = 273A3F0528FC3FF100C4827E /* Bundle-Decodable.swift */; };
		278CCBE028FC41B100997CE1 /* Mission.swift in Sources */ = {isa = PBXBuildFile; fileRef = 278CCBDF28FC41B100997CE1 /* Mission.swift */; };
		278CCBE228FC476700997CE1 /* Color-Theme.swift in Sources */ = {isa = PBXBuildFile; fileRef = 278CCBE128FC476700997CE1 /* Color-Theme.swift */; };
		278CCBE428FC48EE00997CE1 /* MissionView.swift in Sources */ = {isa = PBXBuildFile; fileRef = 278CCBE328FC48EE00997CE1 /* MissionView.swift */; };
		278CCBE628FC513700997CE1 /* AstronautView.swift in Sources */ = {isa = PBXBuildFile; fileRef = 278CCBE528FC513700997CE1 /* AstronautView.swift */; };
/* End PBXBuildFile section */

/* Begin PBXFileReference section */
		273A3ED128FB96C700C4827E /* Moonshot.app */ = {isa = PBXFileReference; explicitFileType = wrapper.application; includeInIndex = 0; path = Moonshot.app; sourceTree = BUILT_PRODUCTS_DIR; };
		273A3ED428FB96C700C4827E /* MoonshotApp.swift */ = {isa = PBXFileReference; lastKnownFileType = sourcecode.swift; path = MoonshotApp.swift; sourceTree = "<group>"; };
		273A3ED628FB96C700C4827E /* ContentView.swift */ = {isa = PBXFileReference; lastKnownFileType = sourcecode.swift; path = ContentView.swift; sourceTree = "<group>"; };
		273A3ED828FB96C800C4827E /* Assets.xcassets */ = {isa = PBXFileReference; lastKnownFileType = folder.assetcatalog; path = Assets.xcassets; sourceTree = "<group>"; };
		273A3EDB28FB96C800C4827E /* Preview Assets.xcassets */ = {isa = PBXFileReference; lastKnownFileType = folder.assetcatalog; path = "Preview Assets.xcassets"; sourceTree = "<group>"; };
		273A3EFD28FC2BC100C4827E /* MoonshotExampleContent.swift */ = {isa = PBXFileReference; lastKnownFileType = sourcecode.swift; path = MoonshotExampleContent.swift; sourceTree = "<group>"; };
		273A3EFF28FC33B500C4827E /* astronauts.json */ = {isa = PBXFileReference; fileEncoding = 4; lastKnownFileType = text.json; name = astronauts.json; path = Moonshot/astronauts.json; sourceTree = SOURCE_ROOT; };
		273A3F0128FC33C500C4827E /* missions.json */ = {isa = PBXFileReference; fileEncoding = 4; lastKnownFileType = text.json; path = missions.json; sourceTree = "<group>"; };
		273A3F0328FC3F4D00C4827E /* Astronaut.swift */ = {isa = PBXFileReference; lastKnownFileType = sourcecode.swift; path = Astronaut.swift; sourceTree = "<group>"; };
		273A3F0528FC3FF100C4827E /* Bundle-Decodable.swift */ = {isa = PBXFileReference; lastKnownFileType = sourcecode.swift; path = "Bundle-Decodable.swift"; sourceTree = "<group>"; };
		278CCBDF28FC41B100997CE1 /* Mission.swift */ = {isa = PBXFileReference; lastKnownFileType = sourcecode.swift; path = Mission.swift; sourceTree = "<group>"; };
		278CCBE128FC476700997CE1 /* Color-Theme.swift */ = {isa = PBXFileReference; lastKnownFileType = sourcecode.swift; path = "Color-Theme.swift"; sourceTree = "<group>"; };
		278CCBE328FC48EE00997CE1 /* MissionView.swift */ = {isa = PBXFileReference; lastKnownFileType = sourcecode.swift; path = MissionView.swift; sourceTree = "<group>"; };
		278CCBE528FC513700997CE1 /* AstronautView.swift */ = {isa = PBXFileReference; lastKnownFileType = sourcecode.swift; path = AstronautView.swift; sourceTree = "<group>"; };
/* End PBXFileReference section */

/* Begin PBXFrameworksBuildPhase section */
		273A3ECE28FB96C700C4827E /* Frameworks */ = {
			isa = PBXFrameworksBuildPhase;
			buildActionMask = 2147483647;
			files = (
			);
			runOnlyForDeploymentPostprocessing = 0;
		};
/* End PBXFrameworksBuildPhase section */

/* Begin PBXGroup section */
		273A3EC828FB96C700C4827E = {
			isa = PBXGroup;
			children = (
				273A3ED328FB96C700C4827E /* Moonshot */,
				273A3ED228FB96C700C4827E /* Products */,
			);
			sourceTree = "<group>";
		};
		273A3ED228FB96C700C4827E /* Products */ = {
			isa = PBXGroup;
			children = (
				273A3ED128FB96C700C4827E /* Moonshot.app */,
			);
			name = Products;
			sourceTree = "<group>";
		};
		273A3ED328FB96C700C4827E /* Moonshot */ = {
			isa = PBXGroup;
			children = (
				273A3ED428FB96C700C4827E /* MoonshotApp.swift */,
				273A3ED628FB96C700C4827E /* ContentView.swift */,
				278CCBE328FC48EE00997CE1 /* MissionView.swift */,
				278CCBE528FC513700997CE1 /* AstronautView.swift */,
				278CCBE128FC476700997CE1 /* Color-Theme.swift */,
				278CCBDF28FC41B100997CE1 /* Mission.swift */,
				273A3F0328FC3F4D00C4827E /* Astronaut.swift */,
				273A3F0528FC3FF100C4827E /* Bundle-Decodable.swift */,
				273A3EFD28FC2BC100C4827E /* MoonshotExampleContent.swift */,
				273A3ED828FB96C800C4827E /* Assets.xcassets */,
				273A3EFF28FC33B500C4827E /* astronauts.json */,
				273A3F0128FC33C500C4827E /* missions.json */,
				273A3EDA28FB96C800C4827E /* Preview Content */,
			);
			path = Moonshot;
			sourceTree = "<group>";
		};
		273A3EDA28FB96C800C4827E /* Preview Content */ = {
			isa = PBXGroup;
			children = (
				273A3EDB28FB96C800C4827E /* Preview Assets.xcassets */,
			);
			path = "Preview Content";
			sourceTree = "<group>";
		};
/* End PBXGroup section */

/* Begin PBXNativeTarget section */
		273A3ED028FB96C700C4827E /* Moonshot */ = {
			isa = PBXNativeTarget;
			buildConfigurationList = 273A3EDF28FB96C800C4827E /* Build configuration list for PBXNativeTarget "Moonshot" */;
			buildPhases = (
				273A3ECD28FB96C700C4827E /* Sources */,
				273A3ECE28FB96C700C4827E /* Frameworks */,
				273A3ECF28FB96C700C4827E /* Resources */,
			);
			buildRules = (
			);
			dependencies = (
			);
			name = Moonshot;
			productName = Moonshot;
			productReference = 273A3ED128FB96C700C4827E /* Moonshot.app */;
			productType = "com.apple.product-type.application";
		};
/* End PBXNativeTarget section */

/* Begin PBXProject section */
		273A3EC928FB96C700C4827E /* Project object */ = {
			isa = PBXProject;
			attributes = {
				BuildIndependentTargetsInParallel = 1;
				LastSwiftUpdateCheck = 1400;
				LastUpgradeCheck = 1400;
				TargetAttributes = {
					273A3ED028FB96C700C4827E = {
						CreatedOnToolsVersion = 14.0.1;
					};
				};
			};
			buildConfigurationList = 273A3ECC28FB96C700C4827E /* Build configuration list for PBXProject "Moonshot" */;
			compatibilityVersion = "Xcode 14.0";
			developmentRegion = en;
			hasScannedForEncodings = 0;
			knownRegions = (
				en,
				Base,
			);
			mainGroup = 273A3EC828FB96C700C4827E;
			productRefGroup = 273A3ED228FB96C700C4827E /* Products */;
			projectDirPath = "";
			projectRoot = "";
			targets = (
				273A3ED028FB96C700C4827E /* Moonshot */,
			);
		};
/* End PBXProject section */

/* Begin PBXResourcesBuildPhase section */
		273A3ECF28FB96C700C4827E /* Resources */ = {
			isa = PBXResourcesBuildPhase;
			buildActionMask = 2147483647;
			files = (
				273A3F0028FC33B500C4827E /* astronauts.json in Resources */,
				273A3EDC28FB96C800C4827E /* Preview Assets.xcassets in Resources */,
				273A3F0228FC33C500C4827E /* missions.json in Resources */,
				273A3ED928FB96C800C4827E /* Assets.xcassets in Resources */,
			);
			runOnlyForDeploymentPostprocessing = 0;
		};
/* End PBXResourcesBuildPhase section */

/* Begin PBXSourcesBuildPhase section */
		273A3ECD28FB96C700C4827E /* Sources */ = {
			isa = PBXSourcesBuildPhase;
			buildActionMask = 2147483647;
			files = (
				278CCBE028FC41B100997CE1 /* Mission.swift in Sources */,
				278CCBE628FC513700997CE1 /* AstronautView.swift in Sources */,
				278CCBE428FC48EE00997CE1 /* MissionView.swift in Sources */,
				273A3EFE28FC2BC100C4827E /* MoonshotExampleContent.swift in Sources */,
				278CCBE228FC476700997CE1 /* Color-Theme.swift in Sources */,
				273A3ED728FB96C700C4827E /* ContentView.swift in Sources */,
				273A3F0628FC3FF100C4827E /* Bundle-Decodable.swift in Sources */,
				273A3ED528FB96C700C4827E /* MoonshotApp.swift in Sources */,
				273A3F0428FC3F4D00C4827E /* Astronaut.swift in Sources */,
			);
			runOnlyForDeploymentPostprocessing = 0;
		};
/* End PBXSourcesBuildPhase section */

/* Begin XCBuildConfiguration section */
		273A3EDD28FB96C800C4827E /* Debug */ = {
			isa = XCBuildConfiguration;
			buildSettings = {
				ALWAYS_SEARCH_USER_PATHS = NO;
				CLANG_ANALYZER_NONNULL = YES;
				CLANG_ANALYZER_NUMBER_OBJECT_CONVERSION = YES_AGGRESSIVE;
				CLANG_CXX_LANGUAGE_STANDARD = "gnu++20";
				CLANG_ENABLE_MODULES = YES;
				CLANG_ENABLE_OBJC_ARC = YES;
				CLANG_ENABLE_OBJC_WEAK = YES;
				CLANG_WARN_BLOCK_CAPTURE_AUTORELEASING = YES;
				CLANG_WARN_BOOL_CONVERSION = YES;
				CLANG_WARN_COMMA = YES;
				CLANG_WARN_CONSTANT_CONVERSION = YES;
				CLANG_WARN_DEPRECATED_OBJC_IMPLEMENTATIONS = YES;
				CLANG_WARN_DIRECT_OBJC_ISA_USAGE = YES_ERROR;
				CLANG_WARN_DOCUMENTATION_COMMENTS = YES;
				CLANG_WARN_EMPTY_BODY = YES;
				CLANG_WARN_ENUM_CONVERSION = YES;
				CLANG_WARN_INFINITE_RECURSION = YES;
				CLANG_WARN_INT_CONVERSION = YES;
				CLANG_WARN_NON_LITERAL_NULL_CONVERSION = YES;
				CLANG_WARN_OBJC_IMPLICIT_RETAIN_SELF = YES;
				CLANG_WARN_OBJC_LITERAL_CONVERSION = YES;
				CLANG_WARN_OBJC_ROOT_CLASS = YES_ERROR;
				CLANG_WARN_QUOTED_INCLUDE_IN_FRAMEWORK_HEADER = YES;
				CLANG_WARN_RANGE_LOOP_ANALYSIS = YES;
				CLANG_WARN_STRICT_PROTOTYPES = YES;
				CLANG_WARN_SUSPICIOUS_MOVE = YES;
				CLANG_WARN_UNGUARDED_AVAILABILITY = YES_AGGRESSIVE;
				CLANG_WARN_UNREACHABLE_CODE = YES;
				CLANG_WARN__DUPLICATE_METHOD_MATCH = YES;
				COPY_PHASE_STRIP = NO;
				DEBUG_INFORMATION_FORMAT = dwarf;
				ENABLE_STRICT_OBJC_MSGSEND = YES;
				ENABLE_TESTABILITY = YES;
				GCC_C_LANGUAGE_STANDARD = gnu11;
				GCC_DYNAMIC_NO_PIC = NO;
				GCC_NO_COMMON_BLOCKS = YES;
				GCC_OPTIMIZATION_LEVEL = 0;
				GCC_PREPROCESSOR_DEFINITIONS = (
					"DEBUG=1",
					"$(inherited)",
				);
				GCC_WARN_64_TO_32_BIT_CONVERSION = YES;
				GCC_WARN_ABOUT_RETURN_TYPE = YES_ERROR;
				GCC_WARN_UNDECLARED_SELECTOR = YES;
				GCC_WARN_UNINITIALIZED_AUTOS = YES_AGGRESSIVE;
				GCC_WARN_UNUSED_FUNCTION = YES;
				GCC_WARN_UNUSED_VARIABLE = YES;
				IPHONEOS_DEPLOYMENT_TARGET = 16.0;
				MTL_ENABLE_DEBUG_INFO = INCLUDE_SOURCE;
				MTL_FAST_MATH = YES;
				ONLY_ACTIVE_ARCH = YES;
				SDKROOT = iphoneos;
				SWIFT_ACTIVE_COMPILATION_CONDITIONS = DEBUG;
				SWIFT_OPTIMIZATION_LEVEL = "-Onone";
			};
			name = Debug;
		};
		273A3EDE28FB96C800C4827E /* Release */ = {
			isa = XCBuildConfiguration;
			buildSettings = {
				ALWAYS_SEARCH_USER_PATHS = NO;
				CLANG_ANALYZER_NONNULL = YES;
				CLANG_ANALYZER_NUMBER_OBJECT_CONVERSION = YES_AGGRESSIVE;
				CLANG_CXX_LANGUAGE_STANDARD = "gnu++20";
				CLANG_ENABLE_MODULES = YES;
				CLANG_ENABLE_OBJC_ARC = YES;
				CLANG_ENABLE_OBJC_WEAK = YES;
				CLANG_WARN_BLOCK_CAPTURE_AUTORELEASING = YES;
				CLANG_WARN_BOOL_CONVERSION = YES;
				CLANG_WARN_COMMA = YES;
				CLANG_WARN_CONSTANT_CONVERSION = YES;
				CLANG_WARN_DEPRECATED_OBJC_IMPLEMENTATIONS = YES;
				CLANG_WARN_DIRECT_OBJC_ISA_USAGE = YES_ERROR;
				CLANG_WARN_DOCUMENTATION_COMMENTS = YES;
				CLANG_WARN_EMPTY_BODY = YES;
				CLANG_WARN_ENUM_CONVERSION = YES;
				CLANG_WARN_INFINITE_RECURSION = YES;
				CLANG_WARN_INT_CONVERSION = YES;
				CLANG_WARN_NON_LITERAL_NULL_CONVERSION = YES;
				CLANG_WARN_OBJC_IMPLICIT_RETAIN_SELF = YES;
				CLANG_WARN_OBJC_LITERAL_CONVERSION = YES;
				CLANG_WARN_OBJC_ROOT_CLASS = YES_ERROR;
				CLANG_WARN_QUOTED_INCLUDE_IN_FRAMEWORK_HEADER = YES;
				CLANG_WARN_RANGE_LOOP_ANALYSIS = YES;
				CLANG_WARN_STRICT_PROTOTYPES = YES;
				CLANG_WARN_SUSPICIOUS_MOVE = YES;
				CLANG_WARN_UNGUARDED_AVAILABILITY = YES_AGGRESSIVE;
				CLANG_WARN_UNREACHABLE_CODE = YES;
				CLANG_WARN__DUPLICATE_METHOD_MATCH = YES;
				COPY_PHASE_STRIP = NO;
				DEBUG_INFORMATION_FORMAT = "dwarf-with-dsym";
				ENABLE_NS_ASSERTIONS = NO;
				ENABLE_STRICT_OBJC_MSGSEND = YES;
				GCC_C_LANGUAGE_STANDARD = gnu11;
				GCC_NO_COMMON_BLOCKS = YES;
				GCC_WARN_64_TO_32_BIT_CONVERSION = YES;
				GCC_WARN_ABOUT_RETURN_TYPE = YES_ERROR;
				GCC_WARN_UNDECLARED_SELECTOR = YES;
				GCC_WARN_UNINITIALIZED_AUTOS = YES_AGGRESSIVE;
				GCC_WARN_UNUSED_FUNCTION = YES;
				GCC_WARN_UNUSED_VARIABLE = YES;
				IPHONEOS_DEPLOYMENT_TARGET = 16.0;
				MTL_ENABLE_DEBUG_INFO = NO;
				MTL_FAST_MATH = YES;
				SDKROOT = iphoneos;
				SWIFT_COMPILATION_MODE = wholemodule;
				SWIFT_OPTIMIZATION_LEVEL = "-O";
				VALIDATE_PRODUCT = YES;
			};
			name = Release;
		};
		273A3EE028FB96C800C4827E /* Debug */ = {
			isa = XCBuildConfiguration;
			buildSettings = {
				ASSETCATALOG_COMPILER_APPICON_NAME = AppIcon;
				ASSETCATALOG_COMPILER_GLOBAL_ACCENT_COLOR_NAME = AccentColor;
				CODE_SIGN_STYLE = Automatic;
				CURRENT_PROJECT_VERSION = 1;
				DEVELOPMENT_ASSET_PATHS = "\"Moonshot/Preview Content\"";
				DEVELOPMENT_TEAM = 8WJZH74XAS;
				ENABLE_PREVIEWS = YES;
				GENERATE_INFOPLIST_FILE = YES;
				INFOPLIST_KEY_UIApplicationSceneManifest_Generation = YES;
				INFOPLIST_KEY_UIApplicationSupportsIndirectInputEvents = YES;
				INFOPLIST_KEY_UILaunchScreen_Generation = YES;
				INFOPLIST_KEY_UISupportedInterfaceOrientations_iPad = "UIInterfaceOrientationPortrait UIInterfaceOrientationPortraitUpsideDown UIInterfaceOrientationLandscapeLeft UIInterfaceOrientationLandscapeRight";
				INFOPLIST_KEY_UISupportedInterfaceOrientations_iPhone = "UIInterfaceOrientationPortrait UIInterfaceOrientationLandscapeLeft UIInterfaceOrientationLandscapeRight";
				LD_RUNPATH_SEARCH_PATHS = (
					"$(inherited)",
					"@executable_path/Frameworks",
				);
				MARKETING_VERSION = 1.0;
				PRODUCT_BUNDLE_IDENTIFIER = com.mbdev.Moonshot;
				PRODUCT_NAME = "$(TARGET_NAME)";
				SWIFT_EMIT_LOC_STRINGS = YES;
				SWIFT_VERSION = 5.0;
				TARGETED_DEVICE_FAMILY = "1,2";
			};
			name = Debug;
		};
		273A3EE128FB96C800C4827E /* Release */ = {
			isa = XCBuildConfiguration;
			buildSettings = {
				ASSETCATALOG_COMPILER_APPICON_NAME = AppIcon;
				ASSETCATALOG_COMPILER_GLOBAL_ACCENT_COLOR_NAME = AccentColor;
				CODE_SIGN_STYLE = Automatic;
				CURRENT_PROJECT_VERSION = 1;
				DEVELOPMENT_ASSET_PATHS = "\"Moonshot/Preview Content\"";
				DEVELOPMENT_TEAM = 8WJZH74XAS;
				ENABLE_PREVIEWS = YES;
				GENERATE_INFOPLIST_FILE = YES;
				INFOPLIST_KEY_UIApplicationSceneManifest_Generation = YES;
				INFOPLIST_KEY_UIApplicationSupportsIndirectInputEvents = YES;
				INFOPLIST_KEY_UILaunchScreen_Generation = YES;
				INFOPLIST_KEY_UISupportedInterfaceOrientations_iPad = "UIInterfaceOrientationPortrait UIInterfaceOrientationPortraitUpsideDown UIInterfaceOrientationLandscapeLeft UIInterfaceOrientationLandscapeRight";
				INFOPLIST_KEY_UISupportedInterfaceOrientations_iPhone = "UIInterfaceOrientationPortrait UIInterfaceOrientationLandscapeLeft UIInterfaceOrientationLandscapeRight";
				LD_RUNPATH_SEARCH_PATHS = (
					"$(inherited)",
					"@executable_path/Frameworks",
				);
				MARKETING_VERSION = 1.0;
				PRODUCT_BUNDLE_IDENTIFIER = com.mbdev.Moonshot;
				PRODUCT_NAME = "$(TARGET_NAME)";
				SWIFT_EMIT_LOC_STRINGS = YES;
				SWIFT_VERSION = 5.0;
				TARGETED_DEVICE_FAMILY = "1,2";
			};
			name = Release;
		};
/* End XCBuildConfiguration section */

/* Begin XCConfigurationList section */
		273A3ECC28FB96C700C4827E /* Build configuration list for PBXProject "Moonshot" */ = {
			isa = XCConfigurationList;
			buildConfigurations = (
				273A3EDD28FB96C800C4827E /* Debug */,
				273A3EDE28FB96C800C4827E /* Release */,
			);
			defaultConfigurationIsVisible = 0;
			defaultConfigurationName = Release;
		};
		273A3EDF28FB96C800C4827E /* Build configuration list for PBXNativeTarget "Moonshot" */ = {
			isa = XCConfigurationList;
			buildConfigurations = (
				273A3EE028FB96C800C4827E /* Debug */,
				273A3EE128FB96C800C4827E /* Release */,
			);
			defaultConfigurationIsVisible = 0;
			defaultConfigurationName = Release;
		};
/* End XCConfigurationList section */
	};
	rootObject = 273A3EC928FB96C700C4827E /* Project object */;
}
