// !$*UTF8*$!
{
	archiveVersion = 1;
	classes = {
	};
	objectVersion = 55;
	objects = {

/* Begin PBXBuildFile section */
		DD0B1CCA26B4A4D90089BFBC /* Location+CoreDataClass.swift in Sources */ = {isa = PBXBuildFile; fileRef = DD0B1CC826B4A4D90089BFBC /* Location+CoreDataClass.swift */; };
		DD0B1CCB26B4A4D90089BFBC /* Location+CoreDataProperties.swift in Sources */ = {isa = PBXBuildFile; fileRef = DD0B1CC926B4A4D90089BFBC /* Location+CoreDataProperties.swift */; };
		DD0B1CCD26B566160089BFBC /* LocationsViewController.swift in Sources */ = {isa = PBXBuildFile; fileRef = DD0B1CCC26B566160089BFBC /* LocationsViewController.swift */; };
		DD0B1CCF26B568DF0089BFBC /* LocationCell.swift in Sources */ = {isa = PBXBuildFile; fileRef = DD0B1CCE26B568DF0089BFBC /* LocationCell.swift */; };
		DD0B1CD226B59A6A0089BFBC /* MapViewController.swift in Sources */ = {isa = PBXBuildFile; fileRef = DD0B1CD126B59A6A0089BFBC /* MapViewController.swift */; };
		DD0B1CD426B5E4A60089BFBC /* UIImage+Resize.swift in Sources */ = {isa = PBXBuildFile; fileRef = DD0B1CD326B5E4A60089BFBC /* UIImage+Resize.swift */; };
		DD0B1CD626B5EE1B0089BFBC /* String+AddText.swift in Sources */ = {isa = PBXBuildFile; fileRef = DD0B1CD526B5EE1B0089BFBC /* String+AddText.swift */; };
		DD0B1CD926B627580089BFBC /* Sound.caf in Resources */ = {isa = PBXBuildFile; fileRef = DD0B1CD826B627570089BFBC /* Sound.caf */; };
		DD72D1A426A4AF850043F935 /* AppDelegate.swift in Sources */ = {isa = PBXBuildFile; fileRef = DD72D1A326A4AF850043F935 /* AppDelegate.swift */; };
		DD72D1A626A4AF850043F935 /* SceneDelegate.swift in Sources */ = {isa = PBXBuildFile; fileRef = DD72D1A526A4AF850043F935 /* SceneDelegate.swift */; };
		DD72D1A826A4AF850043F935 /* CurrentLocationViewController.swift in Sources */ = {isa = PBXBuildFile; fileRef = DD72D1A726A4AF850043F935 /* CurrentLocationViewController.swift */; };
		DD72D1AB26A4AF850043F935 /* Main.storyboard in Resources */ = {isa = PBXBuildFile; fileRef = DD72D1A926A4AF850043F935 /* Main.storyboard */; };
		DD72D1AE26A4AF850043F935 /* MyLocations.xcdatamodeld in Sources */ = {isa = PBXBuildFile; fileRef = DD72D1AC26A4AF850043F935 /* MyLocations.xcdatamodeld */; };
		DD72D1B026A4AF880043F935 /* Assets.xcassets in Resources */ = {isa = PBXBuildFile; fileRef = DD72D1AF26A4AF880043F935 /* Assets.xcassets */; };
		DD72D1B326A4AF880043F935 /* LaunchScreen.storyboard in Resources */ = {isa = PBXBuildFile; fileRef = DD72D1B126A4AF880043F935 /* LaunchScreen.storyboard */; };
		DDCA433626AD75240029684E /* LocationDetailsViewController.swift in Sources */ = {isa = PBXBuildFile; fileRef = DDCA433526AD75240029684E /* LocationDetailsViewController.swift */; };
		DDCA433826AD8CBC0029684E /* CategoryPickerViewController.swift in Sources */ = {isa = PBXBuildFile; fileRef = DDCA433726AD8CBC0029684E /* CategoryPickerViewController.swift */; };
		DDCA433A26AD98320029684E /* HudView.swift in Sources */ = {isa = PBXBuildFile; fileRef = DDCA433926AD98320029684E /* HudView.swift */; };
		DDCA433C26ADA0720029684E /* Functions.swift in Sources */ = {isa = PBXBuildFile; fileRef = DDCA433B26ADA0720029684E /* Functions.swift */; };
/* End PBXBuildFile section */

/* Begin PBXFileReference section */
		DD0B1CC826B4A4D90089BFBC /* Location+CoreDataClass.swift */ = {isa = PBXFileReference; lastKnownFileType = sourcecode.swift; path = "Location+CoreDataClass.swift"; sourceTree = "<group>"; };
		DD0B1CC926B4A4D90089BFBC /* Location+CoreDataProperties.swift */ = {isa = PBXFileReference; lastKnownFileType = sourcecode.swift; path = "Location+CoreDataProperties.swift"; sourceTree = "<group>"; };
		DD0B1CCC26B566160089BFBC /* LocationsViewController.swift */ = {isa = PBXFileReference; lastKnownFileType = sourcecode.swift; path = LocationsViewController.swift; sourceTree = "<group>"; };
		DD0B1CCE26B568DF0089BFBC /* LocationCell.swift */ = {isa = PBXFileReference; lastKnownFileType = sourcecode.swift; path = LocationCell.swift; sourceTree = "<group>"; };
		DD0B1CD126B59A6A0089BFBC /* MapViewController.swift */ = {isa = PBXFileReference; lastKnownFileType = sourcecode.swift; path = MapViewController.swift; sourceTree = SOURCE_ROOT; };
		DD0B1CD326B5E4A60089BFBC /* UIImage+Resize.swift */ = {isa = PBXFileReference; lastKnownFileType = sourcecode.swift; path = "UIImage+Resize.swift"; sourceTree = "<group>"; };
		DD0B1CD526B5EE1B0089BFBC /* String+AddText.swift */ = {isa = PBXFileReference; lastKnownFileType = sourcecode.swift; path = "String+AddText.swift"; sourceTree = "<group>"; };
		DD0B1CD826B627570089BFBC /* Sound.caf */ = {isa = PBXFileReference; lastKnownFileType = file; path = Sound.caf; sourceTree = "<group>"; };
		DD72D1A026A4AF850043F935 /* MyLocations.app */ = {isa = PBXFileReference; explicitFileType = wrapper.application; includeInIndex = 0; path = MyLocations.app; sourceTree = BUILT_PRODUCTS_DIR; };
		DD72D1A326A4AF850043F935 /* AppDelegate.swift */ = {isa = PBXFileReference; lastKnownFileType = sourcecode.swift; path = AppDelegate.swift; sourceTree = "<group>"; };
		DD72D1A526A4AF850043F935 /* SceneDelegate.swift */ = {isa = PBXFileReference; lastKnownFileType = sourcecode.swift; path = SceneDelegate.swift; sourceTree = "<group>"; };
		DD72D1A726A4AF850043F935 /* CurrentLocationViewController.swift */ = {isa = PBXFileReference; indentWidth = 2; lastKnownFileType = sourcecode.swift; path = CurrentLocationViewController.swift; sourceTree = "<group>"; tabWidth = 2; };
		DD72D1AA26A4AF850043F935 /* Base */ = {isa = PBXFileReference; lastKnownFileType = file.storyboard; name = Base; path = Base.lproj/Main.storyboard; sourceTree = "<group>"; };
		DD72D1AD26A4AF850043F935 /* MyLocations.xcdatamodel */ = {isa = PBXFileReference; lastKnownFileType = wrapper.xcdatamodel; path = MyLocations.xcdatamodel; sourceTree = "<group>"; };
		DD72D1AF26A4AF880043F935 /* Assets.xcassets */ = {isa = PBXFileReference; lastKnownFileType = folder.assetcatalog; path = Assets.xcassets; sourceTree = "<group>"; };
		DD72D1B226A4AF880043F935 /* Base */ = {isa = PBXFileReference; lastKnownFileType = file.storyboard; name = Base; path = Base.lproj/LaunchScreen.storyboard; sourceTree = "<group>"; };
		DD72D1B426A4AF880043F935 /* Info.plist */ = {isa = PBXFileReference; lastKnownFileType = text.plist.xml; path = Info.plist; sourceTree = "<group>"; };
		DDCA433526AD75240029684E /* LocationDetailsViewController.swift */ = {isa = PBXFileReference; lastKnownFileType = sourcecode.swift; path = LocationDetailsViewController.swift; sourceTree = "<group>"; };
		DDCA433726AD8CBC0029684E /* CategoryPickerViewController.swift */ = {isa = PBXFileReference; lastKnownFileType = sourcecode.swift; path = CategoryPickerViewController.swift; sourceTree = "<group>"; };
		DDCA433926AD98320029684E /* HudView.swift */ = {isa = PBXFileReference; lastKnownFileType = sourcecode.swift; path = HudView.swift; sourceTree = "<group>"; };
		DDCA433B26ADA0720029684E /* Functions.swift */ = {isa = PBXFileReference; lastKnownFileType = sourcecode.swift; path = Functions.swift; sourceTree = "<group>"; };
/* End PBXFileReference section */

/* Begin PBXFrameworksBuildPhase section */
		DD72D19D26A4AF850043F935 /* Frameworks */ = {
			isa = PBXFrameworksBuildPhase;
			buildActionMask = 2147483647;
			files = (
			);
			runOnlyForDeploymentPostprocessing = 0;
		};
/* End PBXFrameworksBuildPhase section */

/* Begin PBXGroup section */
		DD0B1CD726B627570089BFBC /* Sound */ = {
			isa = PBXGroup;
			children = (
				DD0B1CD826B627570089BFBC /* Sound.caf */,
			);
			path = Sound;
			sourceTree = "<group>";
		};
		DD72D19726A4AF850043F935 = {
			isa = PBXGroup;
			children = (
				DD72D1A226A4AF850043F935 /* MyLocations */,
				DD72D1A126A4AF850043F935 /* Products */,
			);
			indentWidth = 2;
			sourceTree = "<group>";
			tabWidth = 2;
		};
		DD72D1A126A4AF850043F935 /* Products */ = {
			isa = PBXGroup;
			children = (
				DD72D1A026A4AF850043F935 /* MyLocations.app */,
			);
			name = Products;
			sourceTree = "<group>";
		};
		DD72D1A226A4AF850043F935 /* MyLocations */ = {
			isa = PBXGroup;
			children = (
				DD0B1CD726B627570089BFBC /* Sound */,
				DD72D1A326A4AF850043F935 /* AppDelegate.swift */,
				DD72D1AF26A4AF880043F935 /* Assets.xcassets */,
				DDCA433726AD8CBC0029684E /* CategoryPickerViewController.swift */,
				DD72D1A726A4AF850043F935 /* CurrentLocationViewController.swift */,
				DDCA433B26ADA0720029684E /* Functions.swift */,
				DDCA433926AD98320029684E /* HudView.swift */,
				DD72D1B426A4AF880043F935 /* Info.plist */,
				DD72D1B126A4AF880043F935 /* LaunchScreen.storyboard */,
				DD0B1CC826B4A4D90089BFBC /* Location+CoreDataClass.swift */,
				DD0B1CC926B4A4D90089BFBC /* Location+CoreDataProperties.swift */,
				DD0B1CCE26B568DF0089BFBC /* LocationCell.swift */,
				DDCA433526AD75240029684E /* LocationDetailsViewController.swift */,
				DD0B1CCC26B566160089BFBC /* LocationsViewController.swift */,
				DD72D1A926A4AF850043F935 /* Main.storyboard */,
				DD0B1CD126B59A6A0089BFBC /* MapViewController.swift */,
				DD72D1AC26A4AF850043F935 /* MyLocations.xcdatamodeld */,
				DD72D1A526A4AF850043F935 /* SceneDelegate.swift */,
				DD0B1CD526B5EE1B0089BFBC /* String+AddText.swift */,
				DD0B1CD326B5E4A60089BFBC /* UIImage+Resize.swift */,
			);
			path = MyLocations;
			sourceTree = "<group>";
		};
/* End PBXGroup section */

/* Begin PBXNativeTarget section */
		DD72D19F26A4AF850043F935 /* MyLocations */ = {
			isa = PBXNativeTarget;
			buildConfigurationList = DD72D1B726A4AF890043F935 /* Build configuration list for PBXNativeTarget "MyLocations" */;
			buildPhases = (
				DD72D19C26A4AF850043F935 /* Sources */,
				DD72D19D26A4AF850043F935 /* Frameworks */,
				DD72D19E26A4AF850043F935 /* Resources */,
			);
			buildRules = (
			);
			dependencies = (
			);
			name = MyLocations;
			productName = MyLocations;
			productReference = DD72D1A026A4AF850043F935 /* MyLocations.app */;
			productType = "com.apple.product-type.application";
		};
/* End PBXNativeTarget section */

/* Begin PBXProject section */
		DD72D19826A4AF850043F935 /* Project object */ = {
			isa = PBXProject;
			attributes = {
				BuildIndependentTargetsInParallel = 1;
				LastSwiftUpdateCheck = 1300;
				LastUpgradeCheck = 1300;
				TargetAttributes = {
					DD72D19F26A4AF850043F935 = {
						CreatedOnToolsVersion = 13.0;
					};
				};
			};
			buildConfigurationList = DD72D19B26A4AF850043F935 /* Build configuration list for PBXProject "MyLocations" */;
			compatibilityVersion = "Xcode 13.0";
			developmentRegion = en;
			hasScannedForEncodings = 0;
			knownRegions = (
				en,
				Base,
			);
			mainGroup = DD72D19726A4AF850043F935;
			productRefGroup = DD72D1A126A4AF850043F935 /* Products */;
			projectDirPath = "";
			projectRoot = "";
			targets = (
				DD72D19F26A4AF850043F935 /* MyLocations */,
			);
		};
/* End PBXProject section */

/* Begin PBXResourcesBuildPhase section */
		DD72D19E26A4AF850043F935 /* Resources */ = {
			isa = PBXResourcesBuildPhase;
			buildActionMask = 2147483647;
			files = (
				DD72D1B326A4AF880043F935 /* LaunchScreen.storyboard in Resources */,
				DD72D1B026A4AF880043F935 /* Assets.xcassets in Resources */,
				DD0B1CD926B627580089BFBC /* Sound.caf in Resources */,
				DD72D1AB26A4AF850043F935 /* Main.storyboard in Resources */,
			);
			runOnlyForDeploymentPostprocessing = 0;
		};
/* End PBXResourcesBuildPhase section */

/* Begin PBXSourcesBuildPhase section */
		DD72D19C26A4AF850043F935 /* Sources */ = {
			isa = PBXSourcesBuildPhase;
			buildActionMask = 2147483647;
			files = (
				DDCA433826AD8CBC0029684E /* CategoryPickerViewController.swift in Sources */,
				DD72D1A826A4AF850043F935 /* CurrentLocationViewController.swift in Sources */,
				DD72D1A426A4AF850043F935 /* AppDelegate.swift in Sources */,
				DDCA433C26ADA0720029684E /* Functions.swift in Sources */,
				DD0B1CCD26B566160089BFBC /* LocationsViewController.swift in Sources */,
				DD0B1CCB26B4A4D90089BFBC /* Location+CoreDataProperties.swift in Sources */,
				DD0B1CD226B59A6A0089BFBC /* MapViewController.swift in Sources */,
				DD0B1CD426B5E4A60089BFBC /* UIImage+Resize.swift in Sources */,
				DD0B1CCF26B568DF0089BFBC /* LocationCell.swift in Sources */,
				DD72D1AE26A4AF850043F935 /* MyLocations.xcdatamodeld in Sources */,
				DD72D1A626A4AF850043F935 /* SceneDelegate.swift in Sources */,
				DD0B1CCA26B4A4D90089BFBC /* Location+CoreDataClass.swift in Sources */,
				DD0B1CD626B5EE1B0089BFBC /* String+AddText.swift in Sources */,
				DDCA433A26AD98320029684E /* HudView.swift in Sources */,
				DDCA433626AD75240029684E /* LocationDetailsViewController.swift in Sources */,
			);
			runOnlyForDeploymentPostprocessing = 0;
		};
/* End PBXSourcesBuildPhase section */

/* Begin PBXVariantGroup section */
		DD72D1A926A4AF850043F935 /* Main.storyboard */ = {
			isa = PBXVariantGroup;
			children = (
				DD72D1AA26A4AF850043F935 /* Base */,
			);
			name = Main.storyboard;
			sourceTree = "<group>";
		};
		DD72D1B126A4AF880043F935 /* LaunchScreen.storyboard */ = {
			isa = PBXVariantGroup;
			children = (
				DD72D1B226A4AF880043F935 /* Base */,
			);
			name = LaunchScreen.storyboard;
			sourceTree = "<group>";
		};
/* End PBXVariantGroup section */

/* Begin XCBuildConfiguration section */
		DD72D1B526A4AF890043F935 /* Debug */ = {
			isa = XCBuildConfiguration;
			buildSettings = {
				ALWAYS_SEARCH_USER_PATHS = NO;
				CLANG_ANALYZER_NONNULL = YES;
				CLANG_ANALYZER_NUMBER_OBJECT_CONVERSION = YES_AGGRESSIVE;
				CLANG_CXX_LANGUAGE_STANDARD = "gnu++17";
				CLANG_CXX_LIBRARY = "libc++";
				CLANG_ENABLE_MODULES = YES;
				CLANG_ENABLE_OBJC_ARC = YES;
				CLANG_ENABLE_OBJC_WEAK = YES;
				CLANG_WARN_BLOCK_CAPTURE_AUTORELEASING = YES;
				CLANG_WARN_BOOL_CONVERSION = YES;
				CLANG_WARN_COMMA = YES;
				CLANG_WARN_CONSTANT_CONVERSION = YES;
				CLANG_WARN_DEPRECATED_OBJC_IMPLEMENTATIONS = YES;
				CLANG_WARN_DIRECT_OBJC_ISA_USAGE = YES_ERROR;
				CLANG_WARN_DOCUMENTATION_COMMENTS = YES;
				CLANG_WARN_EMPTY_BODY = YES;
				CLANG_WARN_ENUM_CONVERSION = YES;
				CLANG_WARN_INFINITE_RECURSION = YES;
				CLANG_WARN_INT_CONVERSION = YES;
				CLANG_WARN_NON_LITERAL_NULL_CONVERSION = YES;
				CLANG_WARN_OBJC_IMPLICIT_RETAIN_SELF = YES;
				CLANG_WARN_OBJC_LITERAL_CONVERSION = YES;
				CLANG_WARN_OBJC_ROOT_CLASS = YES_ERROR;
				CLANG_WARN_QUOTED_INCLUDE_IN_FRAMEWORK_HEADER = YES;
				CLANG_WARN_RANGE_LOOP_ANALYSIS = YES;
				CLANG_WARN_STRICT_PROTOTYPES = YES;
				CLANG_WARN_SUSPICIOUS_MOVE = YES;
				CLANG_WARN_UNGUARDED_AVAILABILITY = YES_AGGRESSIVE;
				CLANG_WARN_UNREACHABLE_CODE = YES;
				CLANG_WARN__DUPLICATE_METHOD_MATCH = YES;
				COPY_PHASE_STRIP = NO;
				DEBUG_INFORMATION_FORMAT = dwarf;
				ENABLE_STRICT_OBJC_MSGSEND = YES;
				ENABLE_TESTABILITY = YES;
				GCC_C_LANGUAGE_STANDARD = gnu11;
				GCC_DYNAMIC_NO_PIC = NO;
				GCC_NO_COMMON_BLOCKS = YES;
				GCC_OPTIMIZATION_LEVEL = 0;
				GCC_PREPROCESSOR_DEFINITIONS = (
					"DEBUG=1",
					"$(inherited)",
				);
				GCC_WARN_64_TO_32_BIT_CONVERSION = YES;
				GCC_WARN_ABOUT_RETURN_TYPE = YES_ERROR;
				GCC_WARN_UNDECLARED_SELECTOR = YES;
				GCC_WARN_UNINITIALIZED_AUTOS = YES_AGGRESSIVE;
				GCC_WARN_UNUSED_FUNCTION = YES;
				GCC_WARN_UNUSED_VARIABLE = YES;
				IPHONEOS_DEPLOYMENT_TARGET = 15.0;
				MTL_ENABLE_DEBUG_INFO = INCLUDE_SOURCE;
				MTL_FAST_MATH = YES;
				ONLY_ACTIVE_ARCH = YES;
				SDKROOT = iphoneos;
				SWIFT_ACTIVE_COMPILATION_CONDITIONS = DEBUG;
				SWIFT_OPTIMIZATION_LEVEL = "-Onone";
			};
			name = Debug;
		};
		DD72D1B626A4AF890043F935 /* Release */ = {
			isa = XCBuildConfiguration;
			buildSettings = {
				ALWAYS_SEARCH_USER_PATHS = NO;
				CLANG_ANALYZER_NONNULL = YES;
				CLANG_ANALYZER_NUMBER_OBJECT_CONVERSION = YES_AGGRESSIVE;
				CLANG_CXX_LANGUAGE_STANDARD = "gnu++17";
				CLANG_CXX_LIBRARY = "libc++";
				CLANG_ENABLE_MODULES = YES;
				CLANG_ENABLE_OBJC_ARC = YES;
				CLANG_ENABLE_OBJC_WEAK = YES;
				CLANG_WARN_BLOCK_CAPTURE_AUTORELEASING = YES;
				CLANG_WARN_BOOL_CONVERSION = YES;
				CLANG_WARN_COMMA = YES;
				CLANG_WARN_CONSTANT_CONVERSION = YES;
				CLANG_WARN_DEPRECATED_OBJC_IMPLEMENTATIONS = YES;
				CLANG_WARN_DIRECT_OBJC_ISA_USAGE = YES_ERROR;
				CLANG_WARN_DOCUMENTATION_COMMENTS = YES;
				CLANG_WARN_EMPTY_BODY = YES;
				CLANG_WARN_ENUM_CONVERSION = YES;
				CLANG_WARN_INFINITE_RECURSION = YES;
				CLANG_WARN_INT_CONVERSION = YES;
				CLANG_WARN_NON_LITERAL_NULL_CONVERSION = YES;
				CLANG_WARN_OBJC_IMPLICIT_RETAIN_SELF = YES;
				CLANG_WARN_OBJC_LITERAL_CONVERSION = YES;
				CLANG_WARN_OBJC_ROOT_CLASS = YES_ERROR;
				CLANG_WARN_QUOTED_INCLUDE_IN_FRAMEWORK_HEADER = YES;
				CLANG_WARN_RANGE_LOOP_ANALYSIS = YES;
				CLANG_WARN_STRICT_PROTOTYPES = YES;
				CLANG_WARN_SUSPICIOUS_MOVE = YES;
				CLANG_WARN_UNGUARDED_AVAILABILITY = YES_AGGRESSIVE;
				CLANG_WARN_UNREACHABLE_CODE = YES;
				CLANG_WARN__DUPLICATE_METHOD_MATCH = YES;
				COPY_PHASE_STRIP = NO;
				DEBUG_INFORMATION_FORMAT = "dwarf-with-dsym";
				ENABLE_NS_ASSERTIONS = NO;
				ENABLE_STRICT_OBJC_MSGSEND = YES;
				GCC_C_LANGUAGE_STANDARD = gnu11;
				GCC_NO_COMMON_BLOCKS = YES;
				GCC_WARN_64_TO_32_BIT_CONVERSION = YES;
				GCC_WARN_ABOUT_RETURN_TYPE = YES_ERROR;
				GCC_WARN_UNDECLARED_SELECTOR = YES;
				GCC_WARN_UNINITIALIZED_AUTOS = YES_AGGRESSIVE;
				GCC_WARN_UNUSED_FUNCTION = YES;
				GCC_WARN_UNUSED_VARIABLE = YES;
				IPHONEOS_DEPLOYMENT_TARGET = 15.0;
				MTL_ENABLE_DEBUG_INFO = NO;
				MTL_FAST_MATH = YES;
				SDKROOT = iphoneos;
				SWIFT_COMPILATION_MODE = wholemodule;
				SWIFT_OPTIMIZATION_LEVEL = "-O";
				VALIDATE_PRODUCT = YES;
			};
			name = Release;
		};
		DD72D1B826A4AF890043F935 /* Debug */ = {
			isa = XCBuildConfiguration;
			buildSettings = {
				ASSETCATALOG_COMPILER_APPICON_NAME = AppIcon;
				ASSETCATALOG_COMPILER_GLOBAL_ACCENT_COLOR_NAME = AccentColor;
				CODE_SIGN_STYLE = Automatic;
				CURRENT_PROJECT_VERSION = 1;
				GENERATE_INFOPLIST_FILE = YES;
				INFOPLIST_FILE = MyLocations/Info.plist;
				INFOPLIST_KEY_NSCameraUsageDescription = "Add photos to your locations";
				INFOPLIST_KEY_UIApplicationSupportsIndirectInputEvents = YES;
				INFOPLIST_KEY_UILaunchStoryboardName = LaunchScreen;
				INFOPLIST_KEY_UIMainStoryboardFile = Main;
				INFOPLIST_KEY_UIRequiredDeviceCapabilities = "location-services";
				INFOPLIST_KEY_UISupportedInterfaceOrientations = UIInterfaceOrientationPortrait;
				INFOPLIST_KEY_UISupportedInterfaceOrientations_iPad = "UIInterfaceOrientationPortrait UIInterfaceOrientationPortraitUpsideDown UIInterfaceOrientationLandscapeLeft UIInterfaceOrientationLandscapeRight";
				INFOPLIST_KEY_UISupportedInterfaceOrientations_iPhone = "UIInterfaceOrientationPortrait UIInterfaceOrientationLandscapeLeft UIInterfaceOrientationLandscapeRight";
				INFOPLIST_KEY_UIUserInterfaceStyle = Dark;
				LD_RUNPATH_SEARCH_PATHS = (
					"$(inherited)",
					"@executable_path/Frameworks",
				);
				MARKETING_VERSION = 1.0;
				PRODUCT_BUNDLE_IDENTIFIER = com.razeware.MyLocations;
				PRODUCT_NAME = "$(TARGET_NAME)";
				SWIFT_EMIT_LOC_STRINGS = YES;
				SWIFT_VERSION = 5.0;
				TARGETED_DEVICE_FAMILY = "1,2";
			};
			name = Debug;
		};
		DD72D1B926A4AF890043F935 /* Release */ = {
			isa = XCBuildConfiguration;
			buildSettings = {
				ASSETCATALOG_COMPILER_APPICON_NAME = AppIcon;
				ASSETCATALOG_COMPILER_GLOBAL_ACCENT_COLOR_NAME = AccentColor;
				CODE_SIGN_STYLE = Automatic;
				CURRENT_PROJECT_VERSION = 1;
				GENERATE_INFOPLIST_FILE = YES;
				INFOPLIST_FILE = MyLocations/Info.plist;
				INFOPLIST_KEY_NSCameraUsageDescription = "Add photos to your locations";
				INFOPLIST_KEY_UIApplicationSupportsIndirectInputEvents = YES;
				INFOPLIST_KEY_UILaunchStoryboardName = LaunchScreen;
				INFOPLIST_KEY_UIMainStoryboardFile = Main;
				INFOPLIST_KEY_UIRequiredDeviceCapabilities = "location-services";
				INFOPLIST_KEY_UISupportedInterfaceOrientations = UIInterfaceOrientationPortrait;
				INFOPLIST_KEY_UISupportedInterfaceOrientations_iPad = "UIInterfaceOrientationPortrait UIInterfaceOrientationPortraitUpsideDown UIInterfaceOrientationLandscapeLeft UIInterfaceOrientationLandscapeRight";
				INFOPLIST_KEY_UISupportedInterfaceOrientations_iPhone = "UIInterfaceOrientationPortrait UIInterfaceOrientationLandscapeLeft UIInterfaceOrientationLandscapeRight";
				INFOPLIST_KEY_UIUserInterfaceStyle = Dark;
				LD_RUNPATH_SEARCH_PATHS = (
					"$(inherited)",
					"@executable_path/Frameworks",
				);
				MARKETING_VERSION = 1.0;
				PRODUCT_BUNDLE_IDENTIFIER = com.razeware.MyLocations;
				PRODUCT_NAME = "$(TARGET_NAME)";
				SWIFT_EMIT_LOC_STRINGS = YES;
				SWIFT_VERSION = 5.0;
				TARGETED_DEVICE_FAMILY = "1,2";
			};
			name = Release;
		};
/* End XCBuildConfiguration section */

/* Begin XCConfigurationList section */
		DD72D19B26A4AF850043F935 /* Build configuration list for PBXProject "MyLocations" */ = {
			isa = XCConfigurationList;
			buildConfigurations = (
				DD72D1B526A4AF890043F935 /* Debug */,
				DD72D1B626A4AF890043F935 /* Release */,
			);
			defaultConfigurationIsVisible = 0;
			defaultConfigurationName = Release;
		};
		DD72D1B726A4AF890043F935 /* Build configuration list for PBXNativeTarget "MyLocations" */ = {
			isa = XCConfigurationList;
			buildConfigurations = (
				DD72D1B826A4AF890043F935 /* Debug */,
				DD72D1B926A4AF890043F935 /* Release */,
			);
			defaultConfigurationIsVisible = 0;
			defaultConfigurationName = Release;
		};
/* End XCConfigurationList section */

/* Begin XCVersionGroup section */
		DD72D1AC26A4AF850043F935 /* MyLocations.xcdatamodeld */ = {
			isa = XCVersionGroup;
			children = (
				DD72D1AD26A4AF850043F935 /* MyLocations.xcdatamodel */,
			);
			currentVersion = DD72D1AD26A4AF850043F935 /* MyLocations.xcdatamodel */;
			path = MyLocations.xcdatamodeld;
			sourceTree = "<group>";
			versionGroupType = wrapper.xcdatamodel;
		};
/* End XCVersionGroup section */
	};
	rootObject = DD72D19826A4AF850043F935 /* Project object */;
}
